{
  "name": "deepchem",
  "lockfileVersion": 3,
  "requires": true,
  "packages": {
    "": {
      "dependencies": {
        "smiles-drawer": "^2.1.7"
      }
    },
    "node_modules/chroma-js": {
      "version": "2.6.0",
      "resolved": "https://registry.npmjs.org/chroma-js/-/chroma-js-2.6.0.tgz",
      "integrity": "sha512-BLHvCB9s8Z1EV4ethr6xnkl/P2YRFOGqfgvuMG/MyCbZPrTA+NeiByY6XvgF0zP4/2deU2CXnWyMa3zu1LqQ3A==",
      "license": "(BSD-3-Clause AND Apache-2.0)"
    },
    "node_modules/smiles-drawer": {
      "version": "2.1.7",
      "resolved": "https://registry.npmjs.org/smiles-drawer/-/smiles-drawer-2.1.7.tgz",
      "integrity": "sha512-gApm5tsWrAYDkjbGYQb5OhwIyHvtM2kIO40DfATaOV0DPm0wA63yn4Ow7us27BT49lDdU9busCOPN9fpyonzaA==",
      "license": "MIT",
      "dependencies": {
        "chroma-js": "^2.4.2"
      }
    }
  }
}
